
Microsoft Visual Studio Solution File, Format Version 12.00
# Visual Studio Version 17
VisualStudioVersion = 17.14.36414.22 d17.14
MinimumVisualStudioVersion = 10.0.40219.1
Project("{888888A0-9F3D-457C-B088-3A5042F75D52}") = "Try_udemy_chatbot1", "Try_udemy_chatbot1.pyproj", "{45BC08CC-FA20-4E13-BE9E-8E70D66FE636}"
EndProject
Global
	GlobalSection(SolutionConfigurationPlatforms) = preSolution
		Debug|Any CPU = Debug|Any CPU
		Release|Any CPU = Release|Any CPU
	EndGlobalSection
	GlobalSection(ProjectConfigurationPlatforms) = postSolution
		{45BC08CC-FA20-4E13-BE9E-8E70D66FE636}.Debug|Any CPU.ActiveCfg = Debug|Any CPU
		{45BC08CC-FA20-4E13-BE9E-8E70D66FE636}.Release|Any CPU.ActiveCfg = Release|Any CPU
	EndGlobalSection
	GlobalSection(SolutionProperties) = preSolution
		HideSolutionNode = FALSE
	EndGlobalSection
	GlobalSection(ExtensibilityGlobals) = postSolution
		SolutionGuid = {92537EAA-E5B5-4A8C-A2C3-73A532A4111B}
	EndGlobalSection
EndGlobal
